
Microsoft Visual Studio Solution File, Format Version 12.00
# Visual Studio Version 17
VisualStudioVersion = 17.14.37614.0 d17.14
MinimumVisualStudioVersion = 10.0.40219.1
Project("{FAE04EC0-301F-11D3-BF4B-00C04F79EFBC}") = "destructor", "destructor.csproj", "{34489AA1-4432-4BBB-92DE-9BD156178B09}"
EndProject
Global
	GlobalSection(SolutionConfigurationPlatforms) = preSolution
		Debug|Any CPU = Debug|Any CPU
		Release|Any CPU = Release|Any CPU
	EndGlobalSection
	GlobalSection(ProjectConfigurationPlatforms) = postSolution
		{34489AA1-4432-4BBB-92DE-9BD156178B09}.Debug|Any CPU.ActiveCfg = Debug|Any CPU
		{34489AA1-4432-4BBB-92DE-9BD156178B09}.Debug|Any CPU.Build.0 = Debug|Any CPU
		{34489AA1-4432-4BBB-92DE-9BD156178B09}.Release|Any CPU.ActiveCfg = Release|Any CPU
		{34489AA1-4432-4BBB-92DE-9BD156178B09}.Release|Any CPU.Build.0 = Release|Any CPU
	EndGlobalSection
	GlobalSection(SolutionProperties) = preSolution
		HideSolutionNode = FALSE
	EndGlobalSection
	GlobalSection(ExtensibilityGlobals) = postSolution
		SolutionGuid = {4BE3CE31-27AA-45CF-A35B-7A53D220E870}
	EndGlobalSection
EndGlobal
