
Microsoft Visual Studio Solution File, Format Version 12.00
# Visual Studio Version 17
VisualStudioVersion = 17.14.37614.0 d17.14
MinimumVisualStudioVersion = 10.0.40219.1
Project("{FAE04EC0-301F-11D3-BF4B-00C04F79EFBC}") = "FirstProject", "FirstProject.csproj", "{7FE1C426-FDCC-47FF-93D6-5C64099819FF}"
EndProject
Global
	GlobalSection(SolutionConfigurationPlatforms) = preSolution
		Debug|Any CPU = Debug|Any CPU
		Release|Any CPU = Release|Any CPU
	EndGlobalSection
	GlobalSection(ProjectConfigurationPlatforms) = postSolution
		{7FE1C426-FDCC-47FF-93D6-5C64099819FF}.Debug|Any CPU.ActiveCfg = Debug|Any CPU
		{7FE1C426-FDCC-47FF-93D6-5C64099819FF}.Debug|Any CPU.Build.0 = Debug|Any CPU
		{7FE1C426-FDCC-47FF-93D6-5C64099819FF}.Release|Any CPU.ActiveCfg = Release|Any CPU
		{7FE1C426-FDCC-47FF-93D6-5C64099819FF}.Release|Any CPU.Build.0 = Release|Any CPU
	EndGlobalSection
	GlobalSection(SolutionProperties) = preSolution
		HideSolutionNode = FALSE
	EndGlobalSection
	GlobalSection(ExtensibilityGlobals) = postSolution
		SolutionGuid = {751EA0E4-9242-410E-908C-D9BB98CFD33F}
	EndGlobalSection
EndGlobal
